
Microsoft Visual Studio Solution File, Format Version 12.00
# Visual Studio 15
VisualStudioVersion = 15.0.28010.2003
MinimumVisualStudioVersion = 10.0.40219.1
Project("{FAE04EC0-301F-11D3-BF4B-00C04F79EFBC}") = "GameManager", "GameManager\GameManager.csproj", "{680D8BFF-22B4-446F-B738-BA64FDA2B596}"
EndProject
Project("{FAE04EC0-301F-11D3-BF4B-00C04F79EFBC}") = "TestApp", "TestApp\TestApp.csproj", "{70F0EF4F-9020-40C6-B44B-D1A66C120177}"
EndProject
Project("{FAE04EC0-301F-11D3-BF4B-00C04F79EFBC}") = "GameFileHandler", "GameFileHandler\GameFileHandler.csproj", "{0429EFE2-8E58-43E7-B7F0-BBBB326638F0}"
EndProject
Global
	GlobalSection(SolutionConfigurationPlatforms) = preSolution
		Debug|Any CPU = Debug|Any CPU
		Release|Any CPU = Release|Any CPU
	EndGlobalSection
	GlobalSection(ProjectConfigurationPlatforms) = postSolution
		{680D8BFF-22B4-446F-B738-BA64FDA2B596}.Debug|Any CPU.ActiveCfg = Debug|Any CPU
		{680D8BFF-22B4-446F-B738-BA64FDA2B596}.Debug|Any CPU.Build.0 = Debug|Any CPU
		{680D8BFF-22B4-446F-B738-BA64FDA2B596}.Release|Any CPU.ActiveCfg = Release|Any CPU
		{680D8BFF-22B4-446F-B738-BA64FDA2B596}.Release|Any CPU.Build.0 = Release|Any CPU
		{70F0EF4F-9020-40C6-B44B-D1A66C120177}.Debug|Any CPU.ActiveCfg = Debug|Any CPU
		{70F0EF4F-9020-40C6-B44B-D1A66C120177}.Debug|Any CPU.Build.0 = Debug|Any CPU
		{70F0EF4F-9020-40C6-B44B-D1A66C120177}.Release|Any CPU.ActiveCfg = Release|Any CPU
		{70F0EF4F-9020-40C6-B44B-D1A66C120177}.Release|Any CPU.Build.0 = Release|Any CPU
		{0429EFE2-8E58-43E7-B7F0-BBBB326638F0}.Debug|Any CPU.ActiveCfg = Debug|Any CPU
		{0429EFE2-8E58-43E7-B7F0-BBBB326638F0}.Debug|Any CPU.Build.0 = Debug|Any CPU
		{0429EFE2-8E58-43E7-B7F0-BBBB326638F0}.Release|Any CPU.ActiveCfg = Release|Any CPU
		{0429EFE2-8E58-43E7-B7F0-BBBB326638F0}.Release|Any CPU.Build.0 = Release|Any CPU
	EndGlobalSection
	GlobalSection(SolutionProperties) = preSolution
		HideSolutionNode = FALSE
	EndGlobalSection
	GlobalSection(ExtensibilityGlobals) = postSolution
		SolutionGuid = {EAE8C088-286D-4378-852A-80D879F29100}
	EndGlobalSection
EndGlobal
